
Microsoft Visual Studio Solution File, Format Version 12.00
# Visual Studio Version 17
VisualStudioVersion = 17.5.33627.172
MinimumVisualStudioVersion = 10.0.40219.1
Project("{FAE04EC0-301F-11D3-BF4B-00C04F79EFBC}") = "MaintenanceWebApi", "MaintenanceWebApi\MaintenanceWebApi.csproj", "{E5B2CA76-5EDC-4600-A208-080991DA3FF0}"
EndProject
Project("{FAE04EC0-301F-11D3-BF4B-00C04F79EFBC}") = "Application", "Application\Application.csproj", "{F4A98EDC-856F-4115-AE8E-1232ACB32441}"
EndProject
Project("{FAE04EC0-301F-11D3-BF4B-00C04F79EFBC}") = "Domain", "Domain\Domain.csproj", "{20D31CE4-C06B-421E-B57C-BE8F4F0120EB}"
EndProject
Project("{FAE04EC0-301F-11D3-BF4B-00C04F79EFBC}") = "Infrascture", "Infrascture\Infrascture.csproj", "{64674B4F-710E-4A7F-9820-78525BAA91F6}"
EndProject
Project("{FAE04EC0-301F-11D3-BF4B-00C04F79EFBC}") = "Persistence", "Persistence\Persistence.csproj", "{969593B8-E3B3-4FB6-BA10-1D23ECFF68D1}"
EndProject
Global
	GlobalSection(SolutionConfigurationPlatforms) = preSolution
		Debug|Any CPU = Debug|Any CPU
		Release|Any CPU = Release|Any CPU
	EndGlobalSection
	GlobalSection(ProjectConfigurationPlatforms) = postSolution
		{E5B2CA76-5EDC-4600-A208-080991DA3FF0}.Debug|Any CPU.ActiveCfg = Debug|Any CPU
		{E5B2CA76-5EDC-4600-A208-080991DA3FF0}.Debug|Any CPU.Build.0 = Debug|Any CPU
		{E5B2CA76-5EDC-4600-A208-080991DA3FF0}.Release|Any CPU.ActiveCfg = Release|Any CPU
		{E5B2CA76-5EDC-4600-A208-080991DA3FF0}.Release|Any CPU.Build.0 = Release|Any CPU
		{F4A98EDC-856F-4115-AE8E-1232ACB32441}.Debug|Any CPU.ActiveCfg = Debug|Any CPU
		{F4A98EDC-856F-4115-AE8E-1232ACB32441}.Debug|Any CPU.Build.0 = Debug|Any CPU
		{F4A98EDC-856F-4115-AE8E-1232ACB32441}.Release|Any CPU.ActiveCfg = Release|Any CPU
		{F4A98EDC-856F-4115-AE8E-1232ACB32441}.Release|Any CPU.Build.0 = Release|Any CPU
		{20D31CE4-C06B-421E-B57C-BE8F4F0120EB}.Debug|Any CPU.ActiveCfg = Debug|Any CPU
		{20D31CE4-C06B-421E-B57C-BE8F4F0120EB}.Debug|Any CPU.Build.0 = Debug|Any CPU
		{20D31CE4-C06B-421E-B57C-BE8F4F0120EB}.Release|Any CPU.ActiveCfg = Release|Any CPU
		{20D31CE4-C06B-421E-B57C-BE8F4F0120EB}.Release|Any CPU.Build.0 = Release|Any CPU
		{64674B4F-710E-4A7F-9820-78525BAA91F6}.Debug|Any CPU.ActiveCfg = Debug|Any CPU
		{64674B4F-710E-4A7F-9820-78525BAA91F6}.Debug|Any CPU.Build.0 = Debug|Any CPU
		{64674B4F-710E-4A7F-9820-78525BAA91F6}.Release|Any CPU.ActiveCfg = Release|Any CPU
		{64674B4F-710E-4A7F-9820-78525BAA91F6}.Release|Any CPU.Build.0 = Release|Any CPU
		{969593B8-E3B3-4FB6-BA10-1D23ECFF68D1}.Debug|Any CPU.ActiveCfg = Debug|Any CPU
		{969593B8-E3B3-4FB6-BA10-1D23ECFF68D1}.Debug|Any CPU.Build.0 = Debug|Any CPU
		{969593B8-E3B3-4FB6-BA10-1D23ECFF68D1}.Release|Any CPU.ActiveCfg = Release|Any CPU
		{969593B8-E3B3-4FB6-BA10-1D23ECFF68D1}.Release|Any CPU.Build.0 = Release|Any CPU
	EndGlobalSection
	GlobalSection(SolutionProperties) = preSolution
		HideSolutionNode = FALSE
	EndGlobalSection
	GlobalSection(ExtensibilityGlobals) = postSolution
		SolutionGuid = {93A8FF8D-4EE7-45F9-90AC-9EB50089A2CE}
	EndGlobalSection
EndGlobal
